
Microsoft Visual Studio Solution File, Format Version 12.00
# Visual Studio 15
VisualStudioVersion = 15.0.27703.2035
MinimumVisualStudioVersion = 10.0.40219.1
Project("{FAE04EC0-301F-11D3-BF4B-00C04F79EFBC}") = "Threading_Test", "Threading_Test\Threading_Test.csproj", "{F06134C4-84E4-45FC-9041-F1F857FC3464}"
EndProject
Global
	GlobalSection(SolutionConfigurationPlatforms) = preSolution
		Debug|Any CPU = Debug|Any CPU
		Release|Any CPU = Release|Any CPU
	EndGlobalSection
	GlobalSection(ProjectConfigurationPlatforms) = postSolution
		{F06134C4-84E4-45FC-9041-F1F857FC3464}.Debug|Any CPU.ActiveCfg = Debug|Any CPU
		{F06134C4-84E4-45FC-9041-F1F857FC3464}.Debug|Any CPU.Build.0 = Debug|Any CPU
		{F06134C4-84E4-45FC-9041-F1F857FC3464}.Release|Any CPU.ActiveCfg = Release|Any CPU
		{F06134C4-84E4-45FC-9041-F1F857FC3464}.Release|Any CPU.Build.0 = Release|Any CPU
	EndGlobalSection
	GlobalSection(SolutionProperties) = preSolution
		HideSolutionNode = FALSE
	EndGlobalSection
	GlobalSection(ExtensibilityGlobals) = postSolution
		SolutionGuid = {83617D64-DF91-4093-BF81-588ED8FC929C}
	EndGlobalSection
EndGlobal
